
Microsoft Visual Studio Solution File, Format Version 12.00
# Visual Studio 15
Project("{FAE04EC0-301F-11D3-BF4B-00C04F79EFBC}") = "lonos.build", "lonos.build\lonos.build.csproj", "{1717C7EB-06ED-434B-BA3C-E46C9644EEDF}"
EndProject
Project("{FAE04EC0-301F-11D3-BF4B-00C04F79EFBC}") = "Mosa.Compiler.Framework", "..\external\MOSA-Project\Source\Mosa.Compiler.Framework\Mosa.Compiler.Framework.csproj", "{75A12A8A-8C8F-4D1E-801B-689D8F781BF4}"
EndProject
Project("{2150E333-8FDC-42A3-9474-1A3956D46DE8}") = "Mosa-Project", "Mosa-Project", "{2882F639-9F47-48B6-A8A6-D6F8BBDD70E5}"
EndProject
Project("{2150E333-8FDC-42A3-9474-1A3956D46DE8}") = "Compiler", "Compiler", "{36A674B9-1871-4391-BFA7-AA9D6B1C189F}"
EndProject
Project("{FAE04EC0-301F-11D3-BF4B-00C04F79EFBC}") = "Mosa.Compiler.Common", "..\external\MOSA-Project\Source\Mosa.Compiler.Common\Mosa.Compiler.Common.csproj", "{0B1011A6-8FCD-4F9E-BBB8-8DB86E23D2E8}"
EndProject
Project("{FAE04EC0-301F-11D3-BF4B-00C04F79EFBC}") = "Mosa.Compiler.MosaTypeSystem", "..\external\MOSA-Project\Source\Mosa.Compiler.MosaTypeSystem\Mosa.Compiler.MosaTypeSystem.csproj", "{5F30A68E-05BF-40EA-B576-5EBCDE520559}"
EndProject
Project("{2150E333-8FDC-42A3-9474-1A3956D46DE8}") = "Utility", "Utility", "{BDCAA75B-C92B-461F-9B7F-490E180FCD07}"
EndProject
Project("{FAE04EC0-301F-11D3-BF4B-00C04F79EFBC}") = "Mosa.Utility.BootImage", "..\external\MOSA-Project\Source\Mosa.Utility.BootImage\Mosa.Utility.BootImage.csproj", "{65F7691A-B355-4D98-BB97-0B19F13E2190}"
EndProject
Project("{FAE04EC0-301F-11D3-BF4B-00C04F79EFBC}") = "Mosa.Korlib", "..\external\MOSA-Project\Source\Mosa.Korlib\Mosa.Korlib.csproj", "{631BC4F3-E2D8-4319-814C-13904CAA17CE}"
EndProject
Project("{FAE04EC0-301F-11D3-BF4B-00C04F79EFBC}") = "Mosa.Runtime", "..\external\MOSA-Project\Source\Mosa.Runtime\Mosa.Runtime.csproj", "{77961864-DB33-4189-804F-D774022C96E2}"
EndProject
Project("{FAE04EC0-301F-11D3-BF4B-00C04F79EFBC}") = "Mosa.Utility.Launcher", "..\external\MOSA-Project\Source\Mosa.Utility.Launcher\Mosa.Utility.Launcher.csproj", "{B69C2F31-5161-47AA-9FD3-2F2F2BCCF659}"
EndProject
Project("{FAE04EC0-301F-11D3-BF4B-00C04F79EFBC}") = "Mosa.Platform.x86", "..\external\MOSA-Project\Source\Mosa.Platform.x86\Mosa.Platform.x86.csproj", "{DE30CBE9-50F3-4A3E-BCC9-A8A36348530E}"
EndProject
Project("{FAE04EC0-301F-11D3-BF4B-00C04F79EFBC}") = "Mosa.Runtime.x86", "..\external\MOSA-Project\Source\Mosa.Runtime.x86\Mosa.Runtime.x86.csproj", "{A47B7998-4EE8-4AF8-9373-C664FDEDDC65}"
EndProject
Project("{FAE04EC0-301F-11D3-BF4B-00C04F79EFBC}") = "Mosa.Platform.x64", "..\external\MOSA-Project\Source\Mosa.Platform.x64\Mosa.Platform.x64.csproj", "{F445DB8E-E25A-41EF-A158-C742F14E94E4}"
EndProject
Project("{FAE04EC0-301F-11D3-BF4B-00C04F79EFBC}") = "Mosa.FileSystem", "..\external\MOSA-Project\Source\Mosa.FileSystem\Mosa.FileSystem.csproj", "{D89972FD-A930-4D0C-B393-1895E78FAFAB}"
EndProject
Project("{FAE04EC0-301F-11D3-BF4B-00C04F79EFBC}") = "Mosa.DeviceSystem", "..\external\MOSA-Project\Source\Mosa.DeviceSystem\Mosa.DeviceSystem.csproj", "{6509477A-7360-4937-A1B9-26FED0A75CDA}"
EndProject
Project("{FAE04EC0-301F-11D3-BF4B-00C04F79EFBC}") = "Mosa.Runtime.x64", "..\external\MOSA-Project\Source\Mosa.Runtime.x64\Mosa.Runtime.x64.csproj", "{A47B7998-4EE8-4AF8-9373-C664FDEDDC61}"
EndProject
Project("{FAE04EC0-301F-11D3-BF4B-00C04F79EFBC}") = "Mosa.Platform.Intel", "..\external\MOSA-Project\Source\Mosa.Platform.Intel\Mosa.Platform.Intel.csproj", "{17CE4F09-7CBF-49E9-84A7-178DB2CBD7C9}"
EndProject
Project("{FAE04EC0-301F-11D3-BF4B-00C04F79EFBC}") = "lonos.kernel.config", "lonos.kernel.config\lonos.kernel.config.csproj", "{317E8C4B-089B-469B-8789-D76EB2F87504}"
EndProject
Project("{FAE04EC0-301F-11D3-BF4B-00C04F79EFBC}") = "Mosa.Plug.Korlib.x86", "..\external\MOSA-Project\Source\Mosa.Plug.Korlib.x86\Mosa.Plug.Korlib.x86.csproj", "{028BC31C-2EDC-492E-90A3-3714E38CE2CF}"
EndProject
Project("{FAE04EC0-301F-11D3-BF4B-00C04F79EFBC}") = "Mosa.Kernel.x64", "..\external\MOSA-Project\Source\Mosa.Kernel.x64\Mosa.Kernel.x64.csproj", "{4CFF6607-4D83-46E6-A1D0-EF045311C982}"
EndProject
Project("{FAE04EC0-301F-11D3-BF4B-00C04F79EFBC}") = "Mosa.Plug.Korlib.x64", "..\external\MOSA-Project\Source\Mosa.Plug.Korlib.x64\Mosa.Plug.Korlib.x64.csproj", "{A9DEEBF5-0E64-44A0-807B-C7B4D3A5480E}"
EndProject
Global
	GlobalSection(SolutionConfigurationPlatforms) = preSolution
		Debug|Any CPU = Debug|Any CPU
		Release|Any CPU = Release|Any CPU
	EndGlobalSection
	GlobalSection(ProjectConfigurationPlatforms) = postSolution
		{1717C7EB-06ED-434B-BA3C-E46C9644EEDF}.Debug|Any CPU.ActiveCfg = Debug|Any CPU
		{1717C7EB-06ED-434B-BA3C-E46C9644EEDF}.Debug|Any CPU.Build.0 = Debug|Any CPU
		{1717C7EB-06ED-434B-BA3C-E46C9644EEDF}.Release|Any CPU.ActiveCfg = Release|Any CPU
		{1717C7EB-06ED-434B-BA3C-E46C9644EEDF}.Release|Any CPU.Build.0 = Release|Any CPU
		{75A12A8A-8C8F-4D1E-801B-689D8F781BF4}.Debug|Any CPU.ActiveCfg = Debug|Any CPU
		{75A12A8A-8C8F-4D1E-801B-689D8F781BF4}.Debug|Any CPU.Build.0 = Debug|Any CPU
		{75A12A8A-8C8F-4D1E-801B-689D8F781BF4}.Release|Any CPU.ActiveCfg = Release|Any CPU
		{75A12A8A-8C8F-4D1E-801B-689D8F781BF4}.Release|Any CPU.Build.0 = Release|Any CPU
		{0B1011A6-8FCD-4F9E-BBB8-8DB86E23D2E8}.Debug|Any CPU.ActiveCfg = Debug|Any CPU
		{0B1011A6-8FCD-4F9E-BBB8-8DB86E23D2E8}.Debug|Any CPU.Build.0 = Debug|Any CPU
		{0B1011A6-8FCD-4F9E-BBB8-8DB86E23D2E8}.Release|Any CPU.ActiveCfg = Release|Any CPU
		{0B1011A6-8FCD-4F9E-BBB8-8DB86E23D2E8}.Release|Any CPU.Build.0 = Release|Any CPU
		{5F30A68E-05BF-40EA-B576-5EBCDE520559}.Debug|Any CPU.ActiveCfg = Debug|Any CPU
		{5F30A68E-05BF-40EA-B576-5EBCDE520559}.Debug|Any CPU.Build.0 = Debug|Any CPU
		{5F30A68E-05BF-40EA-B576-5EBCDE520559}.Release|Any CPU.ActiveCfg = Release|Any CPU
		{5F30A68E-05BF-40EA-B576-5EBCDE520559}.Release|Any CPU.Build.0 = Release|Any CPU
		{65F7691A-B355-4D98-BB97-0B19F13E2190}.Debug|Any CPU.ActiveCfg = Debug|Any CPU
		{65F7691A-B355-4D98-BB97-0B19F13E2190}.Debug|Any CPU.Build.0 = Debug|Any CPU
		{65F7691A-B355-4D98-BB97-0B19F13E2190}.Release|Any CPU.ActiveCfg = Release|Any CPU
		{65F7691A-B355-4D98-BB97-0B19F13E2190}.Release|Any CPU.Build.0 = Release|Any CPU
		{631BC4F3-E2D8-4319-814C-13904CAA17CE}.Debug|Any CPU.ActiveCfg = Debug|Any CPU
		{631BC4F3-E2D8-4319-814C-13904CAA17CE}.Debug|Any CPU.Build.0 = Debug|Any CPU
		{631BC4F3-E2D8-4319-814C-13904CAA17CE}.Release|Any CPU.ActiveCfg = Release|Any CPU
		{631BC4F3-E2D8-4319-814C-13904CAA17CE}.Release|Any CPU.Build.0 = Release|Any CPU
		{77961864-DB33-4189-804F-D774022C96E2}.Debug|Any CPU.ActiveCfg = Debug|Any CPU
		{77961864-DB33-4189-804F-D774022C96E2}.Debug|Any CPU.Build.0 = Debug|Any CPU
		{77961864-DB33-4189-804F-D774022C96E2}.Release|Any CPU.ActiveCfg = Release|Any CPU
		{77961864-DB33-4189-804F-D774022C96E2}.Release|Any CPU.Build.0 = Release|Any CPU
		{B69C2F31-5161-47AA-9FD3-2F2F2BCCF659}.Debug|Any CPU.ActiveCfg = Debug|Any CPU
		{B69C2F31-5161-47AA-9FD3-2F2F2BCCF659}.Debug|Any CPU.Build.0 = Debug|Any CPU
		{B69C2F31-5161-47AA-9FD3-2F2F2BCCF659}.Release|Any CPU.ActiveCfg = Release|Any CPU
		{B69C2F31-5161-47AA-9FD3-2F2F2BCCF659}.Release|Any CPU.Build.0 = Release|Any CPU
		{DE30CBE9-50F3-4A3E-BCC9-A8A36348530E}.Debug|Any CPU.ActiveCfg = Debug|Any CPU
		{DE30CBE9-50F3-4A3E-BCC9-A8A36348530E}.Debug|Any CPU.Build.0 = Debug|Any CPU
		{DE30CBE9-50F3-4A3E-BCC9-A8A36348530E}.Release|Any CPU.ActiveCfg = Release|Any CPU
		{DE30CBE9-50F3-4A3E-BCC9-A8A36348530E}.Release|Any CPU.Build.0 = Release|Any CPU
		{A47B7998-4EE8-4AF8-9373-C664FDEDDC65}.Debug|Any CPU.ActiveCfg = Debug|Any CPU
		{A47B7998-4EE8-4AF8-9373-C664FDEDDC65}.Debug|Any CPU.Build.0 = Debug|Any CPU
		{A47B7998-4EE8-4AF8-9373-C664FDEDDC65}.Release|Any CPU.ActiveCfg = Release|Any CPU
		{A47B7998-4EE8-4AF8-9373-C664FDEDDC65}.Release|Any CPU.Build.0 = Release|Any CPU
		{F445DB8E-E25A-41EF-A158-C742F14E94E4}.Debug|Any CPU.ActiveCfg = Debug|Any CPU
		{F445DB8E-E25A-41EF-A158-C742F14E94E4}.Debug|Any CPU.Build.0 = Debug|Any CPU
		{F445DB8E-E25A-41EF-A158-C742F14E94E4}.Release|Any CPU.ActiveCfg = Release|Any CPU
		{F445DB8E-E25A-41EF-A158-C742F14E94E4}.Release|Any CPU.Build.0 = Release|Any CPU
		{D89972FD-A930-4D0C-B393-1895E78FAFAB}.Debug|Any CPU.ActiveCfg = Debug|Any CPU
		{D89972FD-A930-4D0C-B393-1895E78FAFAB}.Debug|Any CPU.Build.0 = Debug|Any CPU
		{D89972FD-A930-4D0C-B393-1895E78FAFAB}.Release|Any CPU.ActiveCfg = Release|Any CPU
		{D89972FD-A930-4D0C-B393-1895E78FAFAB}.Release|Any CPU.Build.0 = Release|Any CPU
		{6509477A-7360-4937-A1B9-26FED0A75CDA}.Debug|Any CPU.ActiveCfg = Debug|Any CPU
		{6509477A-7360-4937-A1B9-26FED0A75CDA}.Debug|Any CPU.Build.0 = Debug|Any CPU
		{6509477A-7360-4937-A1B9-26FED0A75CDA}.Release|Any CPU.ActiveCfg = Release|Any CPU
		{6509477A-7360-4937-A1B9-26FED0A75CDA}.Release|Any CPU.Build.0 = Release|Any CPU
		{A47B7998-4EE8-4AF8-9373-C664FDEDDC61}.Debug|Any CPU.ActiveCfg = Debug|Any CPU
		{A47B7998-4EE8-4AF8-9373-C664FDEDDC61}.Debug|Any CPU.Build.0 = Debug|Any CPU
		{A47B7998-4EE8-4AF8-9373-C664FDEDDC61}.Release|Any CPU.ActiveCfg = Release|Any CPU
		{A47B7998-4EE8-4AF8-9373-C664FDEDDC61}.Release|Any CPU.Build.0 = Release|Any CPU
		{17CE4F09-7CBF-49E9-84A7-178DB2CBD7C9}.Debug|Any CPU.ActiveCfg = Debug|Any CPU
		{17CE4F09-7CBF-49E9-84A7-178DB2CBD7C9}.Debug|Any CPU.Build.0 = Debug|Any CPU
		{17CE4F09-7CBF-49E9-84A7-178DB2CBD7C9}.Release|Any CPU.ActiveCfg = Release|Any CPU
		{17CE4F09-7CBF-49E9-84A7-178DB2CBD7C9}.Release|Any CPU.Build.0 = Release|Any CPU
		{317E8C4B-089B-469B-8789-D76EB2F87504}.Debug|Any CPU.ActiveCfg = Debug|Any CPU
		{317E8C4B-089B-469B-8789-D76EB2F87504}.Debug|Any CPU.Build.0 = Debug|Any CPU
		{317E8C4B-089B-469B-8789-D76EB2F87504}.Release|Any CPU.ActiveCfg = Release|Any CPU
		{317E8C4B-089B-469B-8789-D76EB2F87504}.Release|Any CPU.Build.0 = Release|Any CPU
		{028BC31C-2EDC-492E-90A3-3714E38CE2CF}.Debug|Any CPU.ActiveCfg = Debug|Any CPU
		{028BC31C-2EDC-492E-90A3-3714E38CE2CF}.Debug|Any CPU.Build.0 = Debug|Any CPU
		{028BC31C-2EDC-492E-90A3-3714E38CE2CF}.Release|Any CPU.ActiveCfg = Release|Any CPU
		{028BC31C-2EDC-492E-90A3-3714E38CE2CF}.Release|Any CPU.Build.0 = Release|Any CPU
		{4CFF6607-4D83-46E6-A1D0-EF045311C982}.Debug|Any CPU.ActiveCfg = Debug|Any CPU
		{4CFF6607-4D83-46E6-A1D0-EF045311C982}.Debug|Any CPU.Build.0 = Debug|Any CPU
		{4CFF6607-4D83-46E6-A1D0-EF045311C982}.Release|Any CPU.ActiveCfg = Release|Any CPU
		{4CFF6607-4D83-46E6-A1D0-EF045311C982}.Release|Any CPU.Build.0 = Release|Any CPU
		{A9DEEBF5-0E64-44A0-807B-C7B4D3A5480E}.Debug|Any CPU.ActiveCfg = Debug|Any CPU
		{A9DEEBF5-0E64-44A0-807B-C7B4D3A5480E}.Debug|Any CPU.Build.0 = Debug|Any CPU
		{A9DEEBF5-0E64-44A0-807B-C7B4D3A5480E}.Release|Any CPU.ActiveCfg = Release|Any CPU
		{A9DEEBF5-0E64-44A0-807B-C7B4D3A5480E}.Release|Any CPU.Build.0 = Release|Any CPU
	EndGlobalSection
	GlobalSection(NestedProjects) = preSolution
		{75A12A8A-8C8F-4D1E-801B-689D8F781BF4} = {36A674B9-1871-4391-BFA7-AA9D6B1C189F}
		{36A674B9-1871-4391-BFA7-AA9D6B1C189F} = {2882F639-9F47-48B6-A8A6-D6F8BBDD70E5}
		{0B1011A6-8FCD-4F9E-BBB8-8DB86E23D2E8} = {36A674B9-1871-4391-BFA7-AA9D6B1C189F}
		{5F30A68E-05BF-40EA-B576-5EBCDE520559} = {36A674B9-1871-4391-BFA7-AA9D6B1C189F}
		{BDCAA75B-C92B-461F-9B7F-490E180FCD07} = {2882F639-9F47-48B6-A8A6-D6F8BBDD70E5}
		{65F7691A-B355-4D98-BB97-0B19F13E2190} = {BDCAA75B-C92B-461F-9B7F-490E180FCD07}
		{631BC4F3-E2D8-4319-814C-13904CAA17CE} = {2882F639-9F47-48B6-A8A6-D6F8BBDD70E5}
		{77961864-DB33-4189-804F-D774022C96E2} = {2882F639-9F47-48B6-A8A6-D6F8BBDD70E5}
		{B69C2F31-5161-47AA-9FD3-2F2F2BCCF659} = {2882F639-9F47-48B6-A8A6-D6F8BBDD70E5}
		{DE30CBE9-50F3-4A3E-BCC9-A8A36348530E} = {2882F639-9F47-48B6-A8A6-D6F8BBDD70E5}
		{A47B7998-4EE8-4AF8-9373-C664FDEDDC65} = {2882F639-9F47-48B6-A8A6-D6F8BBDD70E5}
		{F445DB8E-E25A-41EF-A158-C742F14E94E4} = {2882F639-9F47-48B6-A8A6-D6F8BBDD70E5}
		{D89972FD-A930-4D0C-B393-1895E78FAFAB} = {2882F639-9F47-48B6-A8A6-D6F8BBDD70E5}
		{6509477A-7360-4937-A1B9-26FED0A75CDA} = {2882F639-9F47-48B6-A8A6-D6F8BBDD70E5}
		{A47B7998-4EE8-4AF8-9373-C664FDEDDC61} = {2882F639-9F47-48B6-A8A6-D6F8BBDD70E5}
		{17CE4F09-7CBF-49E9-84A7-178DB2CBD7C9} = {2882F639-9F47-48B6-A8A6-D6F8BBDD70E5}
		{028BC31C-2EDC-492E-90A3-3714E38CE2CF} = {2882F639-9F47-48B6-A8A6-D6F8BBDD70E5}
		{4CFF6607-4D83-46E6-A1D0-EF045311C982} = {2882F639-9F47-48B6-A8A6-D6F8BBDD70E5}
		{A9DEEBF5-0E64-44A0-807B-C7B4D3A5480E} = {2882F639-9F47-48B6-A8A6-D6F8BBDD70E5}
	EndGlobalSection
EndGlobal
