
Microsoft Visual Studio Solution File, Format Version 12.00
# Visual Studio Version 16
VisualStudioVersion = 16.0.29215.179
MinimumVisualStudioVersion = 10.0.40219.1
Project("{FAE04EC0-301F-11D3-BF4B-00C04F79EFBC}") = "Lonos.Tools.Build", "Lonos.Tools.Build\Lonos.Tools.Build.csproj", "{1717C7EB-06ED-434B-BA3C-E46C9644EEDF}"
EndProject
Project("{FAE04EC0-301F-11D3-BF4B-00C04F79EFBC}") = "Lonos.Kernel.Core", "Lonos.Kernel.Core\Lonos.Kernel.Core.csproj", "{A72ED046-DE1C-4688-981B-6086C091047F}"
EndProject
Project("{FAE04EC0-301F-11D3-BF4B-00C04F79EFBC}") = "Lonos.Core.ClassLib", "Lonos.Core.ClassLib\Lonos.Core.ClassLib.csproj", "{FA6E1560-C2D5-41BB-9E7C-D54D0F711918}"
EndProject
Project("{2150E333-8FDC-42A3-9474-1A3956D46DE8}") = "Mosa-Project", "Mosa-Project", "{2882F639-9F47-48B6-A8A6-D6F8BBDD70E5}"
EndProject
Project("{FAE04EC0-301F-11D3-BF4B-00C04F79EFBC}") = "Mosa.Korlib", "..\external\MOSA-Project\Source\Mosa.Korlib\Mosa.Korlib.csproj", "{631BC4F3-E2D8-4319-814C-13904CAA17CE}"
EndProject
Project("{FAE04EC0-301F-11D3-BF4B-00C04F79EFBC}") = "Mosa.Runtime", "..\external\MOSA-Project\Source\Mosa.Runtime\Mosa.Runtime.csproj", "{77961864-DB33-4189-804F-D774022C96E2}"
EndProject
Project("{FAE04EC0-301F-11D3-BF4B-00C04F79EFBC}") = "Mosa.Runtime.x86", "..\external\MOSA-Project\Source\Mosa.Runtime.x86\Mosa.Runtime.x86.csproj", "{A47B7998-4EE8-4AF8-9373-C664FDEDDC65}"
EndProject
Project("{FAE04EC0-301F-11D3-BF4B-00C04F79EFBC}") = "Lonos.Kernel.Lib", "Lonos.Kernel.Lib\Lonos.Kernel.Lib.csproj", "{2D21AF60-8366-430A-9579-1B0CCD31910F}"
EndProject
Project("{FAE04EC0-301F-11D3-BF4B-00C04F79EFBC}") = "Lonos.Kernel.UnixApi", "Lonos.Kernel.UnixApi\Lonos.Kernel.UnixApi.csproj", "{1DAF7D31-54DC-4B15-A14E-15206073C579}"
EndProject
Project("{FAE04EC0-301F-11D3-BF4B-00C04F79EFBC}") = "Lonos.Kernel.Api", "Lonos.Kernel.Api\Lonos.Kernel.Api.csproj", "{ED52E867-98F0-4FBF-AB06-4812AE5FFB43}"
EndProject
Project("{2150E333-8FDC-42A3-9474-1A3956D46DE8}") = "api", "api", "{7691F114-85AC-4D01-9B2D-6BD9A091A949}"
EndProject
Project("{2150E333-8FDC-42A3-9474-1A3956D46DE8}") = "External", "External", "{4C2366D3-CB74-46BE-9E35-494F017D7F96}"
EndProject
Project("{FAE04EC0-301F-11D3-BF4B-00C04F79EFBC}") = "Lonos.Kernel.Loader", "Lonos.Kernel.Loader\Lonos.Kernel.Loader.csproj", "{67727C0F-A566-4CE2-96DC-DD27A2E0CB30}"
EndProject
Project("{FAE04EC0-301F-11D3-BF4B-00C04F79EFBC}") = "Lonos.Kernel.Config", "Lonos.Kernel.Config\Lonos.Kernel.Config.csproj", "{317E8C4B-089B-469B-8789-D76EB2F87504}"
EndProject
Project("{FAE04EC0-301F-11D3-BF4B-00C04F79EFBC}") = "Lonos.Test.Console", "Lonos.Test.Console\Lonos.Test.Console.csproj", "{67A6A46D-DBF4-4013-89DB-3E6457D139F3}"
EndProject
Project("{FAE04EC0-301F-11D3-BF4B-00C04F79EFBC}") = "Mosa.Plug.Korlib", "..\external\MOSA-Project\Source\Mosa.Plug.Korlib\Mosa.Plug.Korlib.csproj", "{CBDEEF3C-BBE7-4655-A096-1367DE069E63}"
EndProject
Project("{FAE04EC0-301F-11D3-BF4B-00C04F79EFBC}") = "Mosa.Plug.Korlib.x86", "..\external\MOSA-Project\Source\Mosa.Plug.Korlib.x86\Mosa.Plug.Korlib.x86.csproj", "{028BC31C-2EDC-492E-90A3-3714E38CE2CF}"
EndProject
Project("{2150E333-8FDC-42A3-9474-1A3956D46DE8}") = "OperatingSystem", "OperatingSystem", "{96E60B22-5A58-4822-83A9-C67A2EAC053F}"
EndProject
Project("{2150E333-8FDC-42A3-9474-1A3956D46DE8}") = "Kernel", "Kernel", "{31C6EB4E-A24D-4C82-A358-F35AE4E09D28}"
EndProject
Project("{2150E333-8FDC-42A3-9474-1A3956D46DE8}") = "Misc", "Misc", "{6E65583B-2752-4CD3-BA18-58BB97F822DC}"
EndProject
Project("{2150E333-8FDC-42A3-9474-1A3956D46DE8}") = "Config", "Config", "{171E90FB-91A8-4092-B172-49B64CA4F956}"
EndProject
Project("{2150E333-8FDC-42A3-9474-1A3956D46DE8}") = "Apps", "Apps", "{7338F830-60F6-4A6B-8854-671681C2A1D7}"
EndProject
Project("{FAE04EC0-301F-11D3-BF4B-00C04F79EFBC}") = "App.HelloKernel", "App.HelloKernel\App.HelloKernel.csproj", "{E97F2133-634F-488C-933A-B78D6A1F0B69}"
EndProject
Project("{FAE04EC0-301F-11D3-BF4B-00C04F79EFBC}") = "Lonos.OS.Core.x86", "Lonos.OS.Core.x86\Lonos.OS.Core.x86.csproj", "{BD177211-DECC-4473-B37B-883A9A58B279}"
EndProject
Project("{FAE04EC0-301F-11D3-BF4B-00C04F79EFBC}") = "Lonos.OS.Loader.x86", "Lonos.OS.Loader.x86\Lonos.OS.Loader.x86.csproj", "{7E387209-732C-489D-A759-39D43FB21AFC}"
EndProject
Project("{FAE04EC0-301F-11D3-BF4B-00C04F79EFBC}") = "Lonos.Primitives", "Lonos.Primitives\Lonos.Primitives.csproj", "{D61BA40B-253D-445B-A6AC-1B080AAC9B80}"
EndProject
Project("{FAE04EC0-301F-11D3-BF4B-00C04F79EFBC}") = "App.HelloService", "App.HelloService\App.HelloService.csproj", "{737EFC20-F822-4F84-B5C3-3B9728A189E5}"
EndProject
Project("{FAE04EC0-301F-11D3-BF4B-00C04F79EFBC}") = "Lonos.Runtime", "Lonos.Runtime\Lonos.Runtime.csproj", "{4D9C0633-1433-4A92-A148-80E8E91155FD}"
EndProject
Project("{2150E333-8FDC-42A3-9474-1A3956D46DE8}") = "Service", "Service", "{23E1ACEA-F353-4B4B-A063-41B0F989B933}"
EndProject
Project("{FAE04EC0-301F-11D3-BF4B-00C04F79EFBC}") = "Lonos.Service.Basic", "Lonos.Service.Basic\Lonos.Service.Basic.csproj", "{481DD672-7A67-43EB-B18C-88F4EA97CDF0}"
EndProject
Project("{FAE04EC0-301F-11D3-BF4B-00C04F79EFBC}") = "App.Shell", "App.Shell\App.Shell.csproj", "{C905EA31-3072-4523-A6FC-C154489FD2F4}"
EndProject
Project("{FAE04EC0-301F-11D3-BF4B-00C04F79EFBC}") = "Mosa.DeviceSystem", "..\external\MOSA-Project\Source\Mosa.DeviceSystem\Mosa.DeviceSystem.csproj", "{6509477A-7360-4937-A1B9-26FED0A75CDA}"
EndProject
Project("{FAE04EC0-301F-11D3-BF4B-00C04F79EFBC}") = "Mosa.DeviceDriver", "..\external\MOSA-Project\Source\Mosa.DeviceDriver\Mosa.DeviceDriver.csproj", "{4DBD4C50-BEC5-48D9-B471-9FB0A7F69999}"
EndProject
Project("{FAE04EC0-301F-11D3-BF4B-00C04F79EFBC}") = "Mosa.FileSystem", "..\external\MOSA-Project\Source\Mosa.FileSystem\Mosa.FileSystem.csproj", "{D89972FD-A930-4D0C-B393-1895E78FAFAB}"
EndProject
Project("{2150E333-8FDC-42A3-9474-1A3956D46DE8}") = "Ressources", "Ressources", "{647B8ECC-00EC-4009-9474-C9EF11A28C84}"
	ProjectSection(SolutionItems) = preProject
		ressources\SharedProjectSettings.targets = ressources\SharedProjectSettings.targets
	EndProjectSection
EndProject
Project("{2150E333-8FDC-42A3-9474-1A3956D46DE8}") = "CodeAnalysis", "CodeAnalysis", "{5F860C8B-0B23-4EB9-9B82-17EFCE7A57B7}"
	ProjectSection(SolutionItems) = preProject
		ressources\codeanalysis\default.ruleset = ressources\codeanalysis\default.ruleset
		ressources\codeanalysis\stylecop.json = ressources\codeanalysis\stylecop.json
	EndProjectSection
EndProject
Project("{FAE04EC0-301F-11D3-BF4B-00C04F79EFBC}") = "Lonos.Kernel.Core.x86", "Lonos.Kernel.Core.x86\Lonos.Kernel.Core.x86.csproj", "{F410CB2C-A859-4226-BCD2-6361BD3F57EB}"
EndProject
Project("{FAE04EC0-301F-11D3-BF4B-00C04F79EFBC}") = "Lonos.Kernel.Loader.x86", "Lonos.Kernel.Loader.x86\Lonos.Kernel.Loader.x86.csproj", "{81D82425-CEC0-442F-BC5F-B07C606C2516}"
EndProject
Project("{9A19103F-16F7-4668-BE54-9A1E7A4F7556}") = "Mosa.Compiler.Common", "..\external\MOSA-Project\Source\Mosa.Compiler.Common\Mosa.Compiler.Common.csproj", "{0E13F871-FCC7-4C09-9BE7-469D5FEB1F78}"
EndProject
Project("{9A19103F-16F7-4668-BE54-9A1E7A4F7556}") = "Mosa.Compiler.Framework", "..\external\MOSA-Project\Source\Mosa.Compiler.Framework\Mosa.Compiler.Framework.csproj", "{A9FB835F-CA81-4ECA-992A-DA6A6B8DCCAF}"
EndProject
Project("{9A19103F-16F7-4668-BE54-9A1E7A4F7556}") = "Mosa.Compiler.MosaTypeSystem", "..\external\MOSA-Project\Source\Mosa.Compiler.MosaTypeSystem\Mosa.Compiler.MosaTypeSystem.csproj", "{8044AEDC-D43C-4E13-B06F-80218603E17E}"
EndProject
Project("{FAE04EC0-301F-11D3-BF4B-00C04F79EFBC}") = "Mosa.Utility.BootImage", "..\external\MOSA-Project\Source\Mosa.Utility.BootImage\Mosa.Utility.BootImage.csproj", "{65F7691A-B355-4D98-BB97-0B19F13E2190}"
EndProject
Project("{FAE04EC0-301F-11D3-BF4B-00C04F79EFBC}") = "Mosa.Utility.Launcher", "..\external\MOSA-Project\Source\Mosa.Utility.Launcher\Mosa.Utility.Launcher.csproj", "{B69C2F31-5161-47AA-9FD3-2F2F2BCCF659}"
EndProject
Project("{9A19103F-16F7-4668-BE54-9A1E7A4F7556}") = "Mosa.Compiler.Extension.Dwarf", "..\external\MOSA-Project\Source\Mosa.Compiler.Extension.Dwarf\Mosa.Compiler.Extension.Dwarf.csproj", "{425F0B81-7957-4464-BDD3-A24BEC1C9354}"
EndProject
Project("{FAE04EC0-301F-11D3-BF4B-00C04F79EFBC}") = "Mosa.Platform.x64", "..\external\MOSA-Project\Source\Mosa.Platform.x64\Mosa.Platform.x64.csproj", "{F445DB8E-E25A-41EF-A158-C742F14E94E4}"
EndProject
Project("{FAE04EC0-301F-11D3-BF4B-00C04F79EFBC}") = "Mosa.Platform.x86", "..\external\MOSA-Project\Source\Mosa.Platform.x86\Mosa.Platform.x86.csproj", "{DE30CBE9-50F3-4A3E-BCC9-A8A36348530E}"
EndProject
Project("{FAE04EC0-301F-11D3-BF4B-00C04F79EFBC}") = "Mosa.Platform.Intel", "..\external\MOSA-Project\Source\Mosa.Platform.Intel\Mosa.Platform.Intel.csproj", "{17CE4F09-7CBF-49E9-84A7-178DB2CBD7C9}"
EndProject
Project("{FAE04EC0-301F-11D3-BF4B-00C04F79EFBC}") = "Mosa.ClassLib", "..\external\MOSA-Project\Source\Mosa.ClassLib\Mosa.ClassLib.csproj", "{27A3C89C-1967-45FF-A77E-94F44995C42C}"
EndProject
Project("{FAE04EC0-301F-11D3-BF4B-00C04F79EFBC}") = "Lonos.Tools.HostCommunication", "Lonos.Tools.HostCommunication\Lonos.Tools.HostCommunication.csproj", "{1FD40B51-3A6F-41DC-83D3-3309CA059797}"
EndProject
Project("{FAE04EC0-301F-11D3-BF4B-00C04F79EFBC}") = "Lonos.Lib", "Lonos.Lib\Lonos.Lib.csproj", "{966282D0-FC83-45B1-A523-17343F7E63B6}"
EndProject
Project("{FAE04EC0-301F-11D3-BF4B-00C04F79EFBC}") = "Lonos.Tools.Lib", "Lonos.Tools.Lib\Lonos.Tools.Lib.csproj", "{A085008F-A81A-4DA4-859D-E2959AC82365}"
EndProject
Project("{FAE04EC0-301F-11D3-BF4B-00C04F79EFBC}") = "Lonos.Service.HostCommunication", "Lonos.Service.HostCommunication\Lonos.Service.HostCommunication.csproj", "{00CA4A2D-482C-4733-86F9-E6286D925664}"
EndProject
Project("{2150E333-8FDC-42A3-9474-1A3956D46DE8}") = "Tools", "Tools", "{096347AA-15E3-4591-9B14-141FA3B1AC77}"
EndProject
Project("{2150E333-8FDC-42A3-9474-1A3956D46DE8}") = "Solution Items", "Solution Items", "{19E2F5E6-3F99-4DA6-A636-E776DF2923B0}"
	ProjectSection(SolutionItems) = preProject
		en-US_User.dic = en-US_User.dic
		Lonos.sln.vsspell = Lonos.sln.vsspell
	EndProjectSection
EndProject
Global
	GlobalSection(SolutionConfigurationPlatforms) = preSolution
		Debug|Any CPU = Debug|Any CPU
		Release|Any CPU = Release|Any CPU
	EndGlobalSection
	GlobalSection(ProjectConfigurationPlatforms) = postSolution
		{1717C7EB-06ED-434B-BA3C-E46C9644EEDF}.Debug|Any CPU.ActiveCfg = Debug|Any CPU
		{1717C7EB-06ED-434B-BA3C-E46C9644EEDF}.Debug|Any CPU.Build.0 = Debug|Any CPU
		{1717C7EB-06ED-434B-BA3C-E46C9644EEDF}.Release|Any CPU.ActiveCfg = Release|Any CPU
		{1717C7EB-06ED-434B-BA3C-E46C9644EEDF}.Release|Any CPU.Build.0 = Release|Any CPU
		{A72ED046-DE1C-4688-981B-6086C091047F}.Debug|Any CPU.ActiveCfg = Debug|Any CPU
		{A72ED046-DE1C-4688-981B-6086C091047F}.Debug|Any CPU.Build.0 = Debug|Any CPU
		{A72ED046-DE1C-4688-981B-6086C091047F}.Release|Any CPU.ActiveCfg = Release|Any CPU
		{A72ED046-DE1C-4688-981B-6086C091047F}.Release|Any CPU.Build.0 = Release|Any CPU
		{FA6E1560-C2D5-41BB-9E7C-D54D0F711918}.Debug|Any CPU.ActiveCfg = Debug|Any CPU
		{FA6E1560-C2D5-41BB-9E7C-D54D0F711918}.Debug|Any CPU.Build.0 = Debug|Any CPU
		{FA6E1560-C2D5-41BB-9E7C-D54D0F711918}.Release|Any CPU.ActiveCfg = Release|Any CPU
		{FA6E1560-C2D5-41BB-9E7C-D54D0F711918}.Release|Any CPU.Build.0 = Release|Any CPU
		{631BC4F3-E2D8-4319-814C-13904CAA17CE}.Debug|Any CPU.ActiveCfg = Debug|Any CPU
		{631BC4F3-E2D8-4319-814C-13904CAA17CE}.Debug|Any CPU.Build.0 = Debug|Any CPU
		{631BC4F3-E2D8-4319-814C-13904CAA17CE}.Release|Any CPU.ActiveCfg = Release|Any CPU
		{631BC4F3-E2D8-4319-814C-13904CAA17CE}.Release|Any CPU.Build.0 = Release|Any CPU
		{77961864-DB33-4189-804F-D774022C96E2}.Debug|Any CPU.ActiveCfg = Debug|Any CPU
		{77961864-DB33-4189-804F-D774022C96E2}.Debug|Any CPU.Build.0 = Debug|Any CPU
		{77961864-DB33-4189-804F-D774022C96E2}.Release|Any CPU.ActiveCfg = Release|Any CPU
		{77961864-DB33-4189-804F-D774022C96E2}.Release|Any CPU.Build.0 = Release|Any CPU
		{A47B7998-4EE8-4AF8-9373-C664FDEDDC65}.Debug|Any CPU.ActiveCfg = Debug|Any CPU
		{A47B7998-4EE8-4AF8-9373-C664FDEDDC65}.Debug|Any CPU.Build.0 = Debug|Any CPU
		{A47B7998-4EE8-4AF8-9373-C664FDEDDC65}.Release|Any CPU.ActiveCfg = Release|Any CPU
		{A47B7998-4EE8-4AF8-9373-C664FDEDDC65}.Release|Any CPU.Build.0 = Release|Any CPU
		{2D21AF60-8366-430A-9579-1B0CCD31910F}.Debug|Any CPU.ActiveCfg = Debug|Any CPU
		{2D21AF60-8366-430A-9579-1B0CCD31910F}.Debug|Any CPU.Build.0 = Debug|Any CPU
		{2D21AF60-8366-430A-9579-1B0CCD31910F}.Release|Any CPU.ActiveCfg = Release|Any CPU
		{2D21AF60-8366-430A-9579-1B0CCD31910F}.Release|Any CPU.Build.0 = Release|Any CPU
		{1DAF7D31-54DC-4B15-A14E-15206073C579}.Debug|Any CPU.ActiveCfg = Debug|Any CPU
		{1DAF7D31-54DC-4B15-A14E-15206073C579}.Debug|Any CPU.Build.0 = Debug|Any CPU
		{1DAF7D31-54DC-4B15-A14E-15206073C579}.Release|Any CPU.ActiveCfg = Release|Any CPU
		{1DAF7D31-54DC-4B15-A14E-15206073C579}.Release|Any CPU.Build.0 = Release|Any CPU
		{ED52E867-98F0-4FBF-AB06-4812AE5FFB43}.Debug|Any CPU.ActiveCfg = Debug|Any CPU
		{ED52E867-98F0-4FBF-AB06-4812AE5FFB43}.Debug|Any CPU.Build.0 = Debug|Any CPU
		{ED52E867-98F0-4FBF-AB06-4812AE5FFB43}.Release|Any CPU.ActiveCfg = Release|Any CPU
		{ED52E867-98F0-4FBF-AB06-4812AE5FFB43}.Release|Any CPU.Build.0 = Release|Any CPU
		{67727C0F-A566-4CE2-96DC-DD27A2E0CB30}.Debug|Any CPU.ActiveCfg = Debug|Any CPU
		{67727C0F-A566-4CE2-96DC-DD27A2E0CB30}.Debug|Any CPU.Build.0 = Debug|Any CPU
		{67727C0F-A566-4CE2-96DC-DD27A2E0CB30}.Release|Any CPU.ActiveCfg = Release|Any CPU
		{67727C0F-A566-4CE2-96DC-DD27A2E0CB30}.Release|Any CPU.Build.0 = Release|Any CPU
		{317E8C4B-089B-469B-8789-D76EB2F87504}.Debug|Any CPU.ActiveCfg = Debug|Any CPU
		{317E8C4B-089B-469B-8789-D76EB2F87504}.Debug|Any CPU.Build.0 = Debug|Any CPU
		{317E8C4B-089B-469B-8789-D76EB2F87504}.Release|Any CPU.ActiveCfg = Release|Any CPU
		{317E8C4B-089B-469B-8789-D76EB2F87504}.Release|Any CPU.Build.0 = Release|Any CPU
		{67A6A46D-DBF4-4013-89DB-3E6457D139F3}.Debug|Any CPU.ActiveCfg = Debug|Any CPU
		{67A6A46D-DBF4-4013-89DB-3E6457D139F3}.Debug|Any CPU.Build.0 = Debug|Any CPU
		{67A6A46D-DBF4-4013-89DB-3E6457D139F3}.Release|Any CPU.ActiveCfg = Release|Any CPU
		{67A6A46D-DBF4-4013-89DB-3E6457D139F3}.Release|Any CPU.Build.0 = Release|Any CPU
		{CBDEEF3C-BBE7-4655-A096-1367DE069E63}.Debug|Any CPU.ActiveCfg = Debug|Any CPU
		{CBDEEF3C-BBE7-4655-A096-1367DE069E63}.Debug|Any CPU.Build.0 = Debug|Any CPU
		{CBDEEF3C-BBE7-4655-A096-1367DE069E63}.Release|Any CPU.ActiveCfg = Release|Any CPU
		{CBDEEF3C-BBE7-4655-A096-1367DE069E63}.Release|Any CPU.Build.0 = Release|Any CPU
		{028BC31C-2EDC-492E-90A3-3714E38CE2CF}.Debug|Any CPU.ActiveCfg = Debug|Any CPU
		{028BC31C-2EDC-492E-90A3-3714E38CE2CF}.Debug|Any CPU.Build.0 = Debug|Any CPU
		{028BC31C-2EDC-492E-90A3-3714E38CE2CF}.Release|Any CPU.ActiveCfg = Release|Any CPU
		{028BC31C-2EDC-492E-90A3-3714E38CE2CF}.Release|Any CPU.Build.0 = Release|Any CPU
		{E97F2133-634F-488C-933A-B78D6A1F0B69}.Debug|Any CPU.ActiveCfg = Debug|Any CPU
		{E97F2133-634F-488C-933A-B78D6A1F0B69}.Debug|Any CPU.Build.0 = Debug|Any CPU
		{E97F2133-634F-488C-933A-B78D6A1F0B69}.Release|Any CPU.ActiveCfg = Release|Any CPU
		{E97F2133-634F-488C-933A-B78D6A1F0B69}.Release|Any CPU.Build.0 = Release|Any CPU
		{BD177211-DECC-4473-B37B-883A9A58B279}.Debug|Any CPU.ActiveCfg = Debug|Any CPU
		{BD177211-DECC-4473-B37B-883A9A58B279}.Debug|Any CPU.Build.0 = Debug|Any CPU
		{BD177211-DECC-4473-B37B-883A9A58B279}.Release|Any CPU.ActiveCfg = Release|Any CPU
		{BD177211-DECC-4473-B37B-883A9A58B279}.Release|Any CPU.Build.0 = Release|Any CPU
		{7E387209-732C-489D-A759-39D43FB21AFC}.Debug|Any CPU.ActiveCfg = Debug|Any CPU
		{7E387209-732C-489D-A759-39D43FB21AFC}.Debug|Any CPU.Build.0 = Debug|Any CPU
		{7E387209-732C-489D-A759-39D43FB21AFC}.Release|Any CPU.ActiveCfg = Release|Any CPU
		{7E387209-732C-489D-A759-39D43FB21AFC}.Release|Any CPU.Build.0 = Release|Any CPU
		{D61BA40B-253D-445B-A6AC-1B080AAC9B80}.Debug|Any CPU.ActiveCfg = Debug|Any CPU
		{D61BA40B-253D-445B-A6AC-1B080AAC9B80}.Debug|Any CPU.Build.0 = Debug|Any CPU
		{D61BA40B-253D-445B-A6AC-1B080AAC9B80}.Release|Any CPU.ActiveCfg = Release|Any CPU
		{D61BA40B-253D-445B-A6AC-1B080AAC9B80}.Release|Any CPU.Build.0 = Release|Any CPU
		{737EFC20-F822-4F84-B5C3-3B9728A189E5}.Debug|Any CPU.ActiveCfg = Debug|Any CPU
		{737EFC20-F822-4F84-B5C3-3B9728A189E5}.Debug|Any CPU.Build.0 = Debug|Any CPU
		{737EFC20-F822-4F84-B5C3-3B9728A189E5}.Release|Any CPU.ActiveCfg = Release|Any CPU
		{737EFC20-F822-4F84-B5C3-3B9728A189E5}.Release|Any CPU.Build.0 = Release|Any CPU
		{4D9C0633-1433-4A92-A148-80E8E91155FD}.Debug|Any CPU.ActiveCfg = Debug|Any CPU
		{4D9C0633-1433-4A92-A148-80E8E91155FD}.Debug|Any CPU.Build.0 = Debug|Any CPU
		{4D9C0633-1433-4A92-A148-80E8E91155FD}.Release|Any CPU.ActiveCfg = Release|Any CPU
		{4D9C0633-1433-4A92-A148-80E8E91155FD}.Release|Any CPU.Build.0 = Release|Any CPU
		{481DD672-7A67-43EB-B18C-88F4EA97CDF0}.Debug|Any CPU.ActiveCfg = Debug|Any CPU
		{481DD672-7A67-43EB-B18C-88F4EA97CDF0}.Debug|Any CPU.Build.0 = Debug|Any CPU
		{481DD672-7A67-43EB-B18C-88F4EA97CDF0}.Release|Any CPU.ActiveCfg = Release|Any CPU
		{481DD672-7A67-43EB-B18C-88F4EA97CDF0}.Release|Any CPU.Build.0 = Release|Any CPU
		{C905EA31-3072-4523-A6FC-C154489FD2F4}.Debug|Any CPU.ActiveCfg = Debug|Any CPU
		{C905EA31-3072-4523-A6FC-C154489FD2F4}.Debug|Any CPU.Build.0 = Debug|Any CPU
		{C905EA31-3072-4523-A6FC-C154489FD2F4}.Release|Any CPU.ActiveCfg = Release|Any CPU
		{C905EA31-3072-4523-A6FC-C154489FD2F4}.Release|Any CPU.Build.0 = Release|Any CPU
		{6509477A-7360-4937-A1B9-26FED0A75CDA}.Debug|Any CPU.ActiveCfg = Debug|Any CPU
		{6509477A-7360-4937-A1B9-26FED0A75CDA}.Debug|Any CPU.Build.0 = Debug|Any CPU
		{6509477A-7360-4937-A1B9-26FED0A75CDA}.Release|Any CPU.ActiveCfg = Release|Any CPU
		{6509477A-7360-4937-A1B9-26FED0A75CDA}.Release|Any CPU.Build.0 = Release|Any CPU
		{4DBD4C50-BEC5-48D9-B471-9FB0A7F69999}.Debug|Any CPU.ActiveCfg = Debug|Any CPU
		{4DBD4C50-BEC5-48D9-B471-9FB0A7F69999}.Debug|Any CPU.Build.0 = Debug|Any CPU
		{4DBD4C50-BEC5-48D9-B471-9FB0A7F69999}.Release|Any CPU.ActiveCfg = Release|Any CPU
		{4DBD4C50-BEC5-48D9-B471-9FB0A7F69999}.Release|Any CPU.Build.0 = Release|Any CPU
		{D89972FD-A930-4D0C-B393-1895E78FAFAB}.Debug|Any CPU.ActiveCfg = Debug|Any CPU
		{D89972FD-A930-4D0C-B393-1895E78FAFAB}.Debug|Any CPU.Build.0 = Debug|Any CPU
		{D89972FD-A930-4D0C-B393-1895E78FAFAB}.Release|Any CPU.ActiveCfg = Release|Any CPU
		{D89972FD-A930-4D0C-B393-1895E78FAFAB}.Release|Any CPU.Build.0 = Release|Any CPU
		{F410CB2C-A859-4226-BCD2-6361BD3F57EB}.Debug|Any CPU.ActiveCfg = Debug|Any CPU
		{F410CB2C-A859-4226-BCD2-6361BD3F57EB}.Debug|Any CPU.Build.0 = Debug|Any CPU
		{F410CB2C-A859-4226-BCD2-6361BD3F57EB}.Release|Any CPU.ActiveCfg = Release|Any CPU
		{F410CB2C-A859-4226-BCD2-6361BD3F57EB}.Release|Any CPU.Build.0 = Release|Any CPU
		{81D82425-CEC0-442F-BC5F-B07C606C2516}.Debug|Any CPU.ActiveCfg = Debug|Any CPU
		{81D82425-CEC0-442F-BC5F-B07C606C2516}.Debug|Any CPU.Build.0 = Debug|Any CPU
		{81D82425-CEC0-442F-BC5F-B07C606C2516}.Release|Any CPU.ActiveCfg = Release|Any CPU
		{81D82425-CEC0-442F-BC5F-B07C606C2516}.Release|Any CPU.Build.0 = Release|Any CPU
		{0E13F871-FCC7-4C09-9BE7-469D5FEB1F78}.Debug|Any CPU.ActiveCfg = Debug|Any CPU
		{0E13F871-FCC7-4C09-9BE7-469D5FEB1F78}.Debug|Any CPU.Build.0 = Debug|Any CPU
		{0E13F871-FCC7-4C09-9BE7-469D5FEB1F78}.Release|Any CPU.ActiveCfg = Release|Any CPU
		{0E13F871-FCC7-4C09-9BE7-469D5FEB1F78}.Release|Any CPU.Build.0 = Release|Any CPU
		{A9FB835F-CA81-4ECA-992A-DA6A6B8DCCAF}.Debug|Any CPU.ActiveCfg = Debug|Any CPU
		{A9FB835F-CA81-4ECA-992A-DA6A6B8DCCAF}.Debug|Any CPU.Build.0 = Debug|Any CPU
		{A9FB835F-CA81-4ECA-992A-DA6A6B8DCCAF}.Release|Any CPU.ActiveCfg = Release|Any CPU
		{A9FB835F-CA81-4ECA-992A-DA6A6B8DCCAF}.Release|Any CPU.Build.0 = Release|Any CPU
		{8044AEDC-D43C-4E13-B06F-80218603E17E}.Debug|Any CPU.ActiveCfg = Debug|Any CPU
		{8044AEDC-D43C-4E13-B06F-80218603E17E}.Debug|Any CPU.Build.0 = Debug|Any CPU
		{8044AEDC-D43C-4E13-B06F-80218603E17E}.Release|Any CPU.ActiveCfg = Release|Any CPU
		{8044AEDC-D43C-4E13-B06F-80218603E17E}.Release|Any CPU.Build.0 = Release|Any CPU
		{65F7691A-B355-4D98-BB97-0B19F13E2190}.Debug|Any CPU.ActiveCfg = Debug|Any CPU
		{65F7691A-B355-4D98-BB97-0B19F13E2190}.Debug|Any CPU.Build.0 = Debug|Any CPU
		{65F7691A-B355-4D98-BB97-0B19F13E2190}.Release|Any CPU.ActiveCfg = Release|Any CPU
		{65F7691A-B355-4D98-BB97-0B19F13E2190}.Release|Any CPU.Build.0 = Release|Any CPU
		{B69C2F31-5161-47AA-9FD3-2F2F2BCCF659}.Debug|Any CPU.ActiveCfg = Debug|Any CPU
		{B69C2F31-5161-47AA-9FD3-2F2F2BCCF659}.Debug|Any CPU.Build.0 = Debug|Any CPU
		{B69C2F31-5161-47AA-9FD3-2F2F2BCCF659}.Release|Any CPU.ActiveCfg = Release|Any CPU
		{B69C2F31-5161-47AA-9FD3-2F2F2BCCF659}.Release|Any CPU.Build.0 = Release|Any CPU
		{425F0B81-7957-4464-BDD3-A24BEC1C9354}.Debug|Any CPU.ActiveCfg = Debug|Any CPU
		{425F0B81-7957-4464-BDD3-A24BEC1C9354}.Debug|Any CPU.Build.0 = Debug|Any CPU
		{425F0B81-7957-4464-BDD3-A24BEC1C9354}.Release|Any CPU.ActiveCfg = Release|Any CPU
		{425F0B81-7957-4464-BDD3-A24BEC1C9354}.Release|Any CPU.Build.0 = Release|Any CPU
		{F445DB8E-E25A-41EF-A158-C742F14E94E4}.Debug|Any CPU.ActiveCfg = Debug|Any CPU
		{F445DB8E-E25A-41EF-A158-C742F14E94E4}.Debug|Any CPU.Build.0 = Debug|Any CPU
		{F445DB8E-E25A-41EF-A158-C742F14E94E4}.Release|Any CPU.ActiveCfg = Release|Any CPU
		{F445DB8E-E25A-41EF-A158-C742F14E94E4}.Release|Any CPU.Build.0 = Release|Any CPU
		{DE30CBE9-50F3-4A3E-BCC9-A8A36348530E}.Debug|Any CPU.ActiveCfg = Debug|Any CPU
		{DE30CBE9-50F3-4A3E-BCC9-A8A36348530E}.Debug|Any CPU.Build.0 = Debug|Any CPU
		{DE30CBE9-50F3-4A3E-BCC9-A8A36348530E}.Release|Any CPU.ActiveCfg = Release|Any CPU
		{DE30CBE9-50F3-4A3E-BCC9-A8A36348530E}.Release|Any CPU.Build.0 = Release|Any CPU
		{17CE4F09-7CBF-49E9-84A7-178DB2CBD7C9}.Debug|Any CPU.ActiveCfg = Debug|Any CPU
		{17CE4F09-7CBF-49E9-84A7-178DB2CBD7C9}.Debug|Any CPU.Build.0 = Debug|Any CPU
		{17CE4F09-7CBF-49E9-84A7-178DB2CBD7C9}.Release|Any CPU.ActiveCfg = Release|Any CPU
		{17CE4F09-7CBF-49E9-84A7-178DB2CBD7C9}.Release|Any CPU.Build.0 = Release|Any CPU
		{27A3C89C-1967-45FF-A77E-94F44995C42C}.Debug|Any CPU.ActiveCfg = Debug|Any CPU
		{27A3C89C-1967-45FF-A77E-94F44995C42C}.Debug|Any CPU.Build.0 = Debug|Any CPU
		{27A3C89C-1967-45FF-A77E-94F44995C42C}.Release|Any CPU.ActiveCfg = Release|Any CPU
		{27A3C89C-1967-45FF-A77E-94F44995C42C}.Release|Any CPU.Build.0 = Release|Any CPU
		{1FD40B51-3A6F-41DC-83D3-3309CA059797}.Debug|Any CPU.ActiveCfg = Debug|Any CPU
		{1FD40B51-3A6F-41DC-83D3-3309CA059797}.Debug|Any CPU.Build.0 = Debug|Any CPU
		{1FD40B51-3A6F-41DC-83D3-3309CA059797}.Release|Any CPU.ActiveCfg = Release|Any CPU
		{1FD40B51-3A6F-41DC-83D3-3309CA059797}.Release|Any CPU.Build.0 = Release|Any CPU
		{966282D0-FC83-45B1-A523-17343F7E63B6}.Debug|Any CPU.ActiveCfg = Debug|Any CPU
		{966282D0-FC83-45B1-A523-17343F7E63B6}.Debug|Any CPU.Build.0 = Debug|Any CPU
		{966282D0-FC83-45B1-A523-17343F7E63B6}.Release|Any CPU.ActiveCfg = Release|Any CPU
		{966282D0-FC83-45B1-A523-17343F7E63B6}.Release|Any CPU.Build.0 = Release|Any CPU
		{A085008F-A81A-4DA4-859D-E2959AC82365}.Debug|Any CPU.ActiveCfg = Debug|Any CPU
		{A085008F-A81A-4DA4-859D-E2959AC82365}.Debug|Any CPU.Build.0 = Debug|Any CPU
		{A085008F-A81A-4DA4-859D-E2959AC82365}.Release|Any CPU.ActiveCfg = Release|Any CPU
		{A085008F-A81A-4DA4-859D-E2959AC82365}.Release|Any CPU.Build.0 = Release|Any CPU
		{00CA4A2D-482C-4733-86F9-E6286D925664}.Debug|Any CPU.ActiveCfg = Debug|Any CPU
		{00CA4A2D-482C-4733-86F9-E6286D925664}.Debug|Any CPU.Build.0 = Debug|Any CPU
		{00CA4A2D-482C-4733-86F9-E6286D925664}.Release|Any CPU.ActiveCfg = Release|Any CPU
		{00CA4A2D-482C-4733-86F9-E6286D925664}.Release|Any CPU.Build.0 = Release|Any CPU
	EndGlobalSection
	GlobalSection(SolutionProperties) = preSolution
		HideSolutionNode = FALSE
	EndGlobalSection
	GlobalSection(NestedProjects) = preSolution
		{1717C7EB-06ED-434B-BA3C-E46C9644EEDF} = {096347AA-15E3-4591-9B14-141FA3B1AC77}
		{A72ED046-DE1C-4688-981B-6086C091047F} = {31C6EB4E-A24D-4C82-A358-F35AE4E09D28}
		{FA6E1560-C2D5-41BB-9E7C-D54D0F711918} = {31C6EB4E-A24D-4C82-A358-F35AE4E09D28}
		{2882F639-9F47-48B6-A8A6-D6F8BBDD70E5} = {4C2366D3-CB74-46BE-9E35-494F017D7F96}
		{631BC4F3-E2D8-4319-814C-13904CAA17CE} = {2882F639-9F47-48B6-A8A6-D6F8BBDD70E5}
		{77961864-DB33-4189-804F-D774022C96E2} = {2882F639-9F47-48B6-A8A6-D6F8BBDD70E5}
		{A47B7998-4EE8-4AF8-9373-C664FDEDDC65} = {2882F639-9F47-48B6-A8A6-D6F8BBDD70E5}
		{2D21AF60-8366-430A-9579-1B0CCD31910F} = {31C6EB4E-A24D-4C82-A358-F35AE4E09D28}
		{1DAF7D31-54DC-4B15-A14E-15206073C579} = {7691F114-85AC-4D01-9B2D-6BD9A091A949}
		{ED52E867-98F0-4FBF-AB06-4812AE5FFB43} = {7691F114-85AC-4D01-9B2D-6BD9A091A949}
		{7691F114-85AC-4D01-9B2D-6BD9A091A949} = {6E65583B-2752-4CD3-BA18-58BB97F822DC}
		{67727C0F-A566-4CE2-96DC-DD27A2E0CB30} = {31C6EB4E-A24D-4C82-A358-F35AE4E09D28}
		{317E8C4B-089B-469B-8789-D76EB2F87504} = {171E90FB-91A8-4092-B172-49B64CA4F956}
		{67A6A46D-DBF4-4013-89DB-3E6457D139F3} = {6E65583B-2752-4CD3-BA18-58BB97F822DC}
		{CBDEEF3C-BBE7-4655-A096-1367DE069E63} = {2882F639-9F47-48B6-A8A6-D6F8BBDD70E5}
		{028BC31C-2EDC-492E-90A3-3714E38CE2CF} = {2882F639-9F47-48B6-A8A6-D6F8BBDD70E5}
		{E97F2133-634F-488C-933A-B78D6A1F0B69} = {7338F830-60F6-4A6B-8854-671681C2A1D7}
		{BD177211-DECC-4473-B37B-883A9A58B279} = {96E60B22-5A58-4822-83A9-C67A2EAC053F}
		{7E387209-732C-489D-A759-39D43FB21AFC} = {96E60B22-5A58-4822-83A9-C67A2EAC053F}
		{D61BA40B-253D-445B-A6AC-1B080AAC9B80} = {6E65583B-2752-4CD3-BA18-58BB97F822DC}
		{737EFC20-F822-4F84-B5C3-3B9728A189E5} = {7338F830-60F6-4A6B-8854-671681C2A1D7}
		{4D9C0633-1433-4A92-A148-80E8E91155FD} = {7691F114-85AC-4D01-9B2D-6BD9A091A949}
		{481DD672-7A67-43EB-B18C-88F4EA97CDF0} = {23E1ACEA-F353-4B4B-A063-41B0F989B933}
		{C905EA31-3072-4523-A6FC-C154489FD2F4} = {7338F830-60F6-4A6B-8854-671681C2A1D7}
		{6509477A-7360-4937-A1B9-26FED0A75CDA} = {2882F639-9F47-48B6-A8A6-D6F8BBDD70E5}
		{4DBD4C50-BEC5-48D9-B471-9FB0A7F69999} = {2882F639-9F47-48B6-A8A6-D6F8BBDD70E5}
		{D89972FD-A930-4D0C-B393-1895E78FAFAB} = {2882F639-9F47-48B6-A8A6-D6F8BBDD70E5}
		{5F860C8B-0B23-4EB9-9B82-17EFCE7A57B7} = {647B8ECC-00EC-4009-9474-C9EF11A28C84}
		{F410CB2C-A859-4226-BCD2-6361BD3F57EB} = {31C6EB4E-A24D-4C82-A358-F35AE4E09D28}
		{81D82425-CEC0-442F-BC5F-B07C606C2516} = {31C6EB4E-A24D-4C82-A358-F35AE4E09D28}
		{0E13F871-FCC7-4C09-9BE7-469D5FEB1F78} = {2882F639-9F47-48B6-A8A6-D6F8BBDD70E5}
		{A9FB835F-CA81-4ECA-992A-DA6A6B8DCCAF} = {2882F639-9F47-48B6-A8A6-D6F8BBDD70E5}
		{8044AEDC-D43C-4E13-B06F-80218603E17E} = {2882F639-9F47-48B6-A8A6-D6F8BBDD70E5}
		{65F7691A-B355-4D98-BB97-0B19F13E2190} = {2882F639-9F47-48B6-A8A6-D6F8BBDD70E5}
		{B69C2F31-5161-47AA-9FD3-2F2F2BCCF659} = {2882F639-9F47-48B6-A8A6-D6F8BBDD70E5}
		{425F0B81-7957-4464-BDD3-A24BEC1C9354} = {2882F639-9F47-48B6-A8A6-D6F8BBDD70E5}
		{F445DB8E-E25A-41EF-A158-C742F14E94E4} = {2882F639-9F47-48B6-A8A6-D6F8BBDD70E5}
		{DE30CBE9-50F3-4A3E-BCC9-A8A36348530E} = {2882F639-9F47-48B6-A8A6-D6F8BBDD70E5}
		{17CE4F09-7CBF-49E9-84A7-178DB2CBD7C9} = {2882F639-9F47-48B6-A8A6-D6F8BBDD70E5}
		{27A3C89C-1967-45FF-A77E-94F44995C42C} = {2882F639-9F47-48B6-A8A6-D6F8BBDD70E5}
		{1FD40B51-3A6F-41DC-83D3-3309CA059797} = {096347AA-15E3-4591-9B14-141FA3B1AC77}
		{966282D0-FC83-45B1-A523-17343F7E63B6} = {6E65583B-2752-4CD3-BA18-58BB97F822DC}
		{A085008F-A81A-4DA4-859D-E2959AC82365} = {096347AA-15E3-4591-9B14-141FA3B1AC77}
		{00CA4A2D-482C-4733-86F9-E6286D925664} = {23E1ACEA-F353-4B4B-A063-41B0F989B933}
	EndGlobalSection
	GlobalSection(ExtensibilityGlobals) = postSolution
		SolutionGuid = {466F2218-2333-4818-8AF5-BE480C2139BC}
	EndGlobalSection
EndGlobal
